
Microsoft Visual Studio Solution File, Format Version 12.00
# Visual Studio 15
VisualStudioVersion = 15.0.26124.0
MinimumVisualStudioVersion = 15.0.26124.0
Project("{9A19103F-16F7-4668-BE54-9A1E7A4F7556}") = "httpsdocker", "httpsdocker\httpsdocker.csproj", "{444CF841-2343-4134-AF1C-E0DF476097BF}"
EndProject
Project("{E53339B2-1760-4266-BCC7-CA923CBCF16C}") = "docker-compose", "docker-compose.dcproj", "{19676FD0-C1B8-4F28-AACC-411F98BF6806}"
EndProject
Global
	GlobalSection(SolutionConfigurationPlatforms) = preSolution
		Debug|Any CPU = Debug|Any CPU
		Debug|x64 = Debug|x64
		Debug|x86 = Debug|x86
		Release|Any CPU = Release|Any CPU
		Release|x64 = Release|x64
		Release|x86 = Release|x86
	EndGlobalSection
	GlobalSection(ProjectConfigurationPlatforms) = postSolution
		{444CF841-2343-4134-AF1C-E0DF476097BF}.Debug|Any CPU.ActiveCfg = Debug|Any CPU
		{444CF841-2343-4134-AF1C-E0DF476097BF}.Debug|Any CPU.Build.0 = Debug|Any CPU
		{444CF841-2343-4134-AF1C-E0DF476097BF}.Debug|x64.ActiveCfg = Debug|Any CPU
		{444CF841-2343-4134-AF1C-E0DF476097BF}.Debug|x64.Build.0 = Debug|Any CPU
		{444CF841-2343-4134-AF1C-E0DF476097BF}.Debug|x86.ActiveCfg = Debug|Any CPU
		{444CF841-2343-4134-AF1C-E0DF476097BF}.Debug|x86.Build.0 = Debug|Any CPU
		{444CF841-2343-4134-AF1C-E0DF476097BF}.Release|Any CPU.ActiveCfg = Release|Any CPU
		{444CF841-2343-4134-AF1C-E0DF476097BF}.Release|Any CPU.Build.0 = Release|Any CPU
		{444CF841-2343-4134-AF1C-E0DF476097BF}.Release|x64.ActiveCfg = Release|Any CPU
		{444CF841-2343-4134-AF1C-E0DF476097BF}.Release|x64.Build.0 = Release|Any CPU
		{444CF841-2343-4134-AF1C-E0DF476097BF}.Release|x86.ActiveCfg = Release|Any CPU
		{444CF841-2343-4134-AF1C-E0DF476097BF}.Release|x86.Build.0 = Release|Any CPU
		{19676FD0-C1B8-4F28-AACC-411F98BF6806}.Debug|Any CPU.ActiveCfg = Debug|Any CPU
		{19676FD0-C1B8-4F28-AACC-411F98BF6806}.Debug|Any CPU.Build.0 = Debug|Any CPU
		{19676FD0-C1B8-4F28-AACC-411F98BF6806}.Debug|x64.ActiveCfg = Debug|Any CPU
		{19676FD0-C1B8-4F28-AACC-411F98BF6806}.Debug|x64.Build.0 = Debug|Any CPU
		{19676FD0-C1B8-4F28-AACC-411F98BF6806}.Debug|x86.ActiveCfg = Debug|Any CPU
		{19676FD0-C1B8-4F28-AACC-411F98BF6806}.Debug|x86.Build.0 = Debug|Any CPU
		{19676FD0-C1B8-4F28-AACC-411F98BF6806}.Release|Any CPU.ActiveCfg = Release|Any CPU
		{19676FD0-C1B8-4F28-AACC-411F98BF6806}.Release|Any CPU.Build.0 = Release|Any CPU
		{19676FD0-C1B8-4F28-AACC-411F98BF6806}.Release|x64.ActiveCfg = Release|Any CPU
		{19676FD0-C1B8-4F28-AACC-411F98BF6806}.Release|x64.Build.0 = Release|Any CPU
		{19676FD0-C1B8-4F28-AACC-411F98BF6806}.Release|x86.ActiveCfg = Release|Any CPU
		{19676FD0-C1B8-4F28-AACC-411F98BF6806}.Release|x86.Build.0 = Release|Any CPU
	EndGlobalSection
	GlobalSection(SolutionProperties) = preSolution
		HideSolutionNode = FALSE
	EndGlobalSection
	GlobalSection(ExtensibilityGlobals) = postSolution
		SolutionGuid = {79D98AD0-4B39-465F-9CAF-9F3B6EA20419}
	EndGlobalSection
EndGlobal
